
Microsoft Visual Studio Solution File, Format Version 12.00
# Visual Studio 15
VisualStudioVersion = 15.0.27130.2027
MinimumVisualStudioVersion = 10.0.40219.1
Project("{8BC9CEB8-8B4A-11D0-8D11-00A0C91BC942}") = "Lab3B", "Lab3B\Lab3B.vcxproj", "{09583495-2646-4050-948F-3FDAF6478CDE}"
EndProject
Project("{8BC9CEB8-8B4A-11D0-8D11-00A0C91BC942}") = "Lab3Bpart4", "Lab3Bpart4\Lab3Bpart4.vcxproj", "{04234EC6-7D0D-4E92-8FEE-8B34E2365241}"
EndProject
Global
	GlobalSection(SolutionConfigurationPlatforms) = preSolution
		Debug|x64 = Debug|x64
		Debug|x86 = Debug|x86
		Release|x64 = Release|x64
		Release|x86 = Release|x86
	EndGlobalSection
	GlobalSection(ProjectConfigurationPlatforms) = postSolution
		{09583495-2646-4050-948F-3FDAF6478CDE}.Debug|x64.ActiveCfg = Debug|x64
		{09583495-2646-4050-948F-3FDAF6478CDE}.Debug|x64.Build.0 = Debug|x64
		{09583495-2646-4050-948F-3FDAF6478CDE}.Debug|x86.ActiveCfg = Debug|Win32
		{09583495-2646-4050-948F-3FDAF6478CDE}.Debug|x86.Build.0 = Debug|Win32
		{09583495-2646-4050-948F-3FDAF6478CDE}.Release|x64.ActiveCfg = Release|x64
		{09583495-2646-4050-948F-3FDAF6478CDE}.Release|x64.Build.0 = Release|x64
		{09583495-2646-4050-948F-3FDAF6478CDE}.Release|x86.ActiveCfg = Release|Win32
		{09583495-2646-4050-948F-3FDAF6478CDE}.Release|x86.Build.0 = Release|Win32
		{04234EC6-7D0D-4E92-8FEE-8B34E2365241}.Debug|x64.ActiveCfg = Debug|x64
		{04234EC6-7D0D-4E92-8FEE-8B34E2365241}.Debug|x64.Build.0 = Debug|x64
		{04234EC6-7D0D-4E92-8FEE-8B34E2365241}.Debug|x86.ActiveCfg = Debug|Win32
		{04234EC6-7D0D-4E92-8FEE-8B34E2365241}.Debug|x86.Build.0 = Debug|Win32
		{04234EC6-7D0D-4E92-8FEE-8B34E2365241}.Release|x64.ActiveCfg = Release|x64
		{04234EC6-7D0D-4E92-8FEE-8B34E2365241}.Release|x64.Build.0 = Release|x64
		{04234EC6-7D0D-4E92-8FEE-8B34E2365241}.Release|x86.ActiveCfg = Release|Win32
		{04234EC6-7D0D-4E92-8FEE-8B34E2365241}.Release|x86.Build.0 = Release|Win32
	EndGlobalSection
	GlobalSection(SolutionProperties) = preSolution
		HideSolutionNode = FALSE
	EndGlobalSection
	GlobalSection(ExtensibilityGlobals) = postSolution
		SolutionGuid = {69D46F99-94F5-4D8D-84EC-F8036F31A452}
	EndGlobalSection
EndGlobal
